
Microsoft Visual Studio Solution File, Format Version 12.00
# Visual Studio Version 17
VisualStudioVersion = 17.11.35219.272
MinimumVisualStudioVersion = 10.0.40219.1
Project("{FAE04EC0-301F-11D3-BF4B-00C04F79EFBC}") = "MauiLanguages", "MauiLanguages.csproj", "{FB51DA01-0261-4AD1-953E-59D2BAE4CDDB}"
EndProject
Global
	GlobalSection(SolutionConfigurationPlatforms) = preSolution
		Debug|Any CPU = Debug|Any CPU
		Release|Any CPU = Release|Any CPU
	EndGlobalSection
	GlobalSection(ProjectConfigurationPlatforms) = postSolution
		{FB51DA01-0261-4AD1-953E-59D2BAE4CDDB}.Debug|Any CPU.ActiveCfg = Debug|Any CPU
		{FB51DA01-0261-4AD1-953E-59D2BAE4CDDB}.Debug|Any CPU.Build.0 = Debug|Any CPU
		{FB51DA01-0261-4AD1-953E-59D2BAE4CDDB}.Debug|Any CPU.Deploy.0 = Debug|Any CPU
		{FB51DA01-0261-4AD1-953E-59D2BAE4CDDB}.Release|Any CPU.ActiveCfg = Release|Any CPU
		{FB51DA01-0261-4AD1-953E-59D2BAE4CDDB}.Release|Any CPU.Build.0 = Release|Any CPU
		{FB51DA01-0261-4AD1-953E-59D2BAE4CDDB}.Release|Any CPU.Deploy.0 = Release|Any CPU
	EndGlobalSection
	GlobalSection(SolutionProperties) = preSolution
		HideSolutionNode = FALSE
	EndGlobalSection
	GlobalSection(ExtensibilityGlobals) = postSolution
		SolutionGuid = {F9232225-CA24-401C-B79D-4D83F405CC83}
	EndGlobalSection
EndGlobal
